
Microsoft Visual Studio Solution File, Format Version 12.00
# Visual Studio 15
VisualStudioVersion = 15.0.26403.7
MinimumVisualStudioVersion = 10.0.40219.1
Project("{FAE04EC0-301F-11D3-BF4B-00C04F79EFBC}") = "Game", "GameProject\Game.csproj", "{CE5CD75D-8626-4CD8-83FC-B7A4868DAEC0}"
EndProject
Project("{FAE04EC0-301F-11D3-BF4B-00C04F79EFBC}") = "Farseer Physics", "FarseerPhysics\Farseer Physics.csproj", "{A4610E4C-DD34-428B-BABB-779CA0B5993A}"
EndProject
Project("{FAE04EC0-301F-11D3-BF4B-00C04F79EFBC}") = "EditorLogic", "EditorLogic\EditorLogic.csproj", "{AB892CE8-6523-4EB1-B159-B8A8F9A0D3D8}"
EndProject
Project("{FAE04EC0-301F-11D3-BF4B-00C04F79EFBC}") = "TankGame", "TankGame\TankGame.csproj", "{AA060735-819A-4094-AB53-ABDA3673E052}"
EndProject
Project("{FAE04EC0-301F-11D3-BF4B-00C04F79EFBC}") = "TankGameTestFramework", "TankGameTestFramework\TankGameTestFramework.csproj", "{462AC7BF-9A9C-4CC3-9704-5A03D952C07D}"
EndProject
Project("{FAE04EC0-301F-11D3-BF4B-00C04F79EFBC}") = "Lidgren.Network", "Lidgren.Network\Lidgren.Network.csproj", "{49BA1C69-6104-41AC-A5D8-B54FA9F696E8}"
EndProject
Project("{FAE04EC0-301F-11D3-BF4B-00C04F79EFBC}") = "TimeLoopInc", "TimeLoopInc\TimeLoopInc.csproj", "{9E41EC6B-89F1-429C-B18D-48A7035BA20D}"
EndProject
Project("{FAE04EC0-301F-11D3-BF4B-00C04F79EFBC}") = "UnitTest", "UnitTest\UnitTest.csproj", "{0C8CA266-3FB6-4CE1-80D3-0602B453CFDC}"
EndProject
Project("{FAE04EC0-301F-11D3-BF4B-00C04F79EFBC}") = "Ui", "Ui\Ui.csproj", "{121543C8-986E-4F1F-BC66-419F682700B0}"
EndProject
Project("{9344BDBB-3E7F-41FC-A0DD-8665D75EE146}") = "EditorWindow", "Editor\EditorWindow.csproj", "{55433843-7866-42EB-BD31-1D0C8B8DDD6E}"
EndProject
Project("{9344BDBB-3E7F-41FC-A0DD-8665D75EE146}") = "DebugVisualizer", "CustomDebugVisualizer\DebugVisualizer.csproj", "{E9E5D134-520F-4BA1-ACBE-4296B54618A3}"
EndProject
Project("{9344BDBB-3E7F-41FC-A0DD-8665D75EE146}") = "DebugVisualizerTests", "VisualizerTests\DebugVisualizerTests.csproj", "{108631F5-6CEC-49A8-A142-7A26FAB5DF2C}"
EndProject
Global
	GlobalSection(SolutionConfigurationPlatforms) = preSolution
		Debug|Any CPU = Debug|Any CPU
		Release|Any CPU = Release|Any CPU
	EndGlobalSection
	GlobalSection(ProjectConfigurationPlatforms) = postSolution
		{CE5CD75D-8626-4CD8-83FC-B7A4868DAEC0}.Debug|Any CPU.ActiveCfg = Debug|Any CPU
		{CE5CD75D-8626-4CD8-83FC-B7A4868DAEC0}.Debug|Any CPU.Build.0 = Debug|Any CPU
		{CE5CD75D-8626-4CD8-83FC-B7A4868DAEC0}.Release|Any CPU.ActiveCfg = Release|Any CPU
		{CE5CD75D-8626-4CD8-83FC-B7A4868DAEC0}.Release|Any CPU.Build.0 = Release|Any CPU
		{A4610E4C-DD34-428B-BABB-779CA0B5993A}.Debug|Any CPU.ActiveCfg = Debug|Any CPU
		{A4610E4C-DD34-428B-BABB-779CA0B5993A}.Debug|Any CPU.Build.0 = Debug|Any CPU
		{A4610E4C-DD34-428B-BABB-779CA0B5993A}.Release|Any CPU.ActiveCfg = Release|Any CPU
		{A4610E4C-DD34-428B-BABB-779CA0B5993A}.Release|Any CPU.Build.0 = Release|Any CPU
		{AB892CE8-6523-4EB1-B159-B8A8F9A0D3D8}.Debug|Any CPU.ActiveCfg = Debug|Any CPU
		{AB892CE8-6523-4EB1-B159-B8A8F9A0D3D8}.Debug|Any CPU.Build.0 = Debug|Any CPU
		{AB892CE8-6523-4EB1-B159-B8A8F9A0D3D8}.Release|Any CPU.ActiveCfg = Release|Any CPU
		{AB892CE8-6523-4EB1-B159-B8A8F9A0D3D8}.Release|Any CPU.Build.0 = Release|Any CPU
		{AA060735-819A-4094-AB53-ABDA3673E052}.Debug|Any CPU.ActiveCfg = Debug|Any CPU
		{AA060735-819A-4094-AB53-ABDA3673E052}.Debug|Any CPU.Build.0 = Debug|Any CPU
		{AA060735-819A-4094-AB53-ABDA3673E052}.Release|Any CPU.ActiveCfg = Release|Any CPU
		{AA060735-819A-4094-AB53-ABDA3673E052}.Release|Any CPU.Build.0 = Release|Any CPU
		{462AC7BF-9A9C-4CC3-9704-5A03D952C07D}.Debug|Any CPU.ActiveCfg = Debug|Any CPU
		{462AC7BF-9A9C-4CC3-9704-5A03D952C07D}.Debug|Any CPU.Build.0 = Debug|Any CPU
		{462AC7BF-9A9C-4CC3-9704-5A03D952C07D}.Release|Any CPU.ActiveCfg = Release|Any CPU
		{462AC7BF-9A9C-4CC3-9704-5A03D952C07D}.Release|Any CPU.Build.0 = Release|Any CPU
		{49BA1C69-6104-41AC-A5D8-B54FA9F696E8}.Debug|Any CPU.ActiveCfg = Debug|Any CPU
		{49BA1C69-6104-41AC-A5D8-B54FA9F696E8}.Debug|Any CPU.Build.0 = Debug|Any CPU
		{49BA1C69-6104-41AC-A5D8-B54FA9F696E8}.Release|Any CPU.ActiveCfg = Release|Any CPU
		{49BA1C69-6104-41AC-A5D8-B54FA9F696E8}.Release|Any CPU.Build.0 = Release|Any CPU
		{9E41EC6B-89F1-429C-B18D-48A7035BA20D}.Debug|Any CPU.ActiveCfg = Debug|Any CPU
		{9E41EC6B-89F1-429C-B18D-48A7035BA20D}.Debug|Any CPU.Build.0 = Debug|Any CPU
		{9E41EC6B-89F1-429C-B18D-48A7035BA20D}.Release|Any CPU.ActiveCfg = Release|Any CPU
		{9E41EC6B-89F1-429C-B18D-48A7035BA20D}.Release|Any CPU.Build.0 = Release|Any CPU
		{0C8CA266-3FB6-4CE1-80D3-0602B453CFDC}.Debug|Any CPU.ActiveCfg = Debug|Any CPU
		{0C8CA266-3FB6-4CE1-80D3-0602B453CFDC}.Debug|Any CPU.Build.0 = Debug|Any CPU
		{0C8CA266-3FB6-4CE1-80D3-0602B453CFDC}.Release|Any CPU.ActiveCfg = Release|Any CPU
		{0C8CA266-3FB6-4CE1-80D3-0602B453CFDC}.Release|Any CPU.Build.0 = Release|Any CPU
		{121543C8-986E-4F1F-BC66-419F682700B0}.Debug|Any CPU.ActiveCfg = Debug|Any CPU
		{121543C8-986E-4F1F-BC66-419F682700B0}.Debug|Any CPU.Build.0 = Debug|Any CPU
		{121543C8-986E-4F1F-BC66-419F682700B0}.Release|Any CPU.ActiveCfg = Release|Any CPU
		{121543C8-986E-4F1F-BC66-419F682700B0}.Release|Any CPU.Build.0 = Release|Any CPU
		{55433843-7866-42EB-BD31-1D0C8B8DDD6E}.Debug|Any CPU.ActiveCfg = Debug|Any CPU
		{55433843-7866-42EB-BD31-1D0C8B8DDD6E}.Debug|Any CPU.Build.0 = Debug|Any CPU
		{55433843-7866-42EB-BD31-1D0C8B8DDD6E}.Debug|Any CPU.Deploy.0 = Debug|Any CPU
		{55433843-7866-42EB-BD31-1D0C8B8DDD6E}.Release|Any CPU.ActiveCfg = Release|Any CPU
		{55433843-7866-42EB-BD31-1D0C8B8DDD6E}.Release|Any CPU.Build.0 = Release|Any CPU
		{E9E5D134-520F-4BA1-ACBE-4296B54618A3}.Debug|Any CPU.ActiveCfg = Debug|Any CPU
		{E9E5D134-520F-4BA1-ACBE-4296B54618A3}.Debug|Any CPU.Build.0 = Debug|Any CPU
		{E9E5D134-520F-4BA1-ACBE-4296B54618A3}.Release|Any CPU.ActiveCfg = Release|Any CPU
		{E9E5D134-520F-4BA1-ACBE-4296B54618A3}.Release|Any CPU.Build.0 = Release|Any CPU
		{108631F5-6CEC-49A8-A142-7A26FAB5DF2C}.Debug|Any CPU.ActiveCfg = Debug|Any CPU
		{108631F5-6CEC-49A8-A142-7A26FAB5DF2C}.Debug|Any CPU.Build.0 = Debug|Any CPU
		{108631F5-6CEC-49A8-A142-7A26FAB5DF2C}.Release|Any CPU.ActiveCfg = Release|Any CPU
		{108631F5-6CEC-49A8-A142-7A26FAB5DF2C}.Release|Any CPU.Build.0 = Release|Any CPU
	EndGlobalSection
	GlobalSection(SolutionProperties) = preSolution
		HideSolutionNode = FALSE
	EndGlobalSection
EndGlobal
