
Microsoft Visual Studio Solution File, Format Version 12.00
# Visual Studio 2013
VisualStudioVersion = 12.0.31101.0
MinimumVisualStudioVersion = 10.0.40219.1
Project("{FAE04EC0-301F-11D3-BF4B-00C04F79EFBC}") = "Game", "GameProject\Game.csproj", "{CE5CD75D-8626-4CD8-83FC-B7A4868DAEC0}"
EndProject
Project("{2150E333-8FDC-42A3-9474-1A3956D46DE8}") = "Solution Items", "Solution Items", "{ACBF192E-C0F1-4B53-958F-915EDD01BA71}"
EndProject
Project("{FAE04EC0-301F-11D3-BF4B-00C04F79EFBC}") = "GameUnitTest", "UnitTest\GameUnitTest.csproj", "{0F3E7119-4982-4AB9-A2A1-E025F68488EB}"
EndProject
Project("{FAE04EC0-301F-11D3-BF4B-00C04F79EFBC}") = "LevelEditor", "LevelEditor\LevelEditor.csproj", "{21D82F42-CFB8-4484-980F-9A6D23A6BAC0}"
EndProject
Project("{FAE04EC0-301F-11D3-BF4B-00C04F79EFBC}") = "WPFControls", "WPFControls\WPFControls.csproj", "{C7D74749-E76C-4B1A-B68E-55757CE38889}"
EndProject
Project("{FAE04EC0-301F-11D3-BF4B-00C04F79EFBC}") = "Editor", "Editor\Editor.csproj", "{8AC53023-4D63-425A-B2F7-3728B5680BCE}"
EndProject
Global
	GlobalSection(SolutionConfigurationPlatforms) = preSolution
		Debug|Any CPU = Debug|Any CPU
		Debug|Mixed Platforms = Debug|Mixed Platforms
		Debug|x86 = Debug|x86
		Release|Any CPU = Release|Any CPU
		Release|Mixed Platforms = Release|Mixed Platforms
		Release|x86 = Release|x86
	EndGlobalSection
	GlobalSection(ProjectConfigurationPlatforms) = postSolution
		{CE5CD75D-8626-4CD8-83FC-B7A4868DAEC0}.Debug|Any CPU.ActiveCfg = Debug|x86
		{CE5CD75D-8626-4CD8-83FC-B7A4868DAEC0}.Debug|Mixed Platforms.ActiveCfg = Debug|x86
		{CE5CD75D-8626-4CD8-83FC-B7A4868DAEC0}.Debug|Mixed Platforms.Build.0 = Debug|x86
		{CE5CD75D-8626-4CD8-83FC-B7A4868DAEC0}.Debug|x86.ActiveCfg = Debug|x86
		{CE5CD75D-8626-4CD8-83FC-B7A4868DAEC0}.Debug|x86.Build.0 = Debug|x86
		{CE5CD75D-8626-4CD8-83FC-B7A4868DAEC0}.Release|Any CPU.ActiveCfg = Release|x86
		{CE5CD75D-8626-4CD8-83FC-B7A4868DAEC0}.Release|Mixed Platforms.ActiveCfg = Release|x86
		{CE5CD75D-8626-4CD8-83FC-B7A4868DAEC0}.Release|Mixed Platforms.Build.0 = Release|x86
		{CE5CD75D-8626-4CD8-83FC-B7A4868DAEC0}.Release|x86.ActiveCfg = Release|x86
		{CE5CD75D-8626-4CD8-83FC-B7A4868DAEC0}.Release|x86.Build.0 = Release|x86
		{0F3E7119-4982-4AB9-A2A1-E025F68488EB}.Debug|Any CPU.ActiveCfg = Debug|Any CPU
		{0F3E7119-4982-4AB9-A2A1-E025F68488EB}.Debug|Any CPU.Build.0 = Debug|Any CPU
		{0F3E7119-4982-4AB9-A2A1-E025F68488EB}.Debug|Mixed Platforms.ActiveCfg = Debug|Any CPU
		{0F3E7119-4982-4AB9-A2A1-E025F68488EB}.Debug|Mixed Platforms.Build.0 = Debug|Any CPU
		{0F3E7119-4982-4AB9-A2A1-E025F68488EB}.Debug|x86.ActiveCfg = Debug|Any CPU
		{0F3E7119-4982-4AB9-A2A1-E025F68488EB}.Debug|x86.Build.0 = Debug|Any CPU
		{0F3E7119-4982-4AB9-A2A1-E025F68488EB}.Release|Any CPU.ActiveCfg = Release|Any CPU
		{0F3E7119-4982-4AB9-A2A1-E025F68488EB}.Release|Any CPU.Build.0 = Release|Any CPU
		{0F3E7119-4982-4AB9-A2A1-E025F68488EB}.Release|Mixed Platforms.ActiveCfg = Release|Any CPU
		{0F3E7119-4982-4AB9-A2A1-E025F68488EB}.Release|Mixed Platforms.Build.0 = Release|Any CPU
		{0F3E7119-4982-4AB9-A2A1-E025F68488EB}.Release|x86.ActiveCfg = Release|Any CPU
		{21D82F42-CFB8-4484-980F-9A6D23A6BAC0}.Debug|Any CPU.ActiveCfg = Debug|Any CPU
		{21D82F42-CFB8-4484-980F-9A6D23A6BAC0}.Debug|Any CPU.Build.0 = Debug|Any CPU
		{21D82F42-CFB8-4484-980F-9A6D23A6BAC0}.Debug|Mixed Platforms.ActiveCfg = Debug|Any CPU
		{21D82F42-CFB8-4484-980F-9A6D23A6BAC0}.Debug|Mixed Platforms.Build.0 = Debug|Any CPU
		{21D82F42-CFB8-4484-980F-9A6D23A6BAC0}.Debug|x86.ActiveCfg = Debug|Any CPU
		{21D82F42-CFB8-4484-980F-9A6D23A6BAC0}.Debug|x86.Build.0 = Debug|Any CPU
		{21D82F42-CFB8-4484-980F-9A6D23A6BAC0}.Release|Any CPU.ActiveCfg = Release|Any CPU
		{21D82F42-CFB8-4484-980F-9A6D23A6BAC0}.Release|Any CPU.Build.0 = Release|Any CPU
		{21D82F42-CFB8-4484-980F-9A6D23A6BAC0}.Release|Mixed Platforms.ActiveCfg = Release|Any CPU
		{21D82F42-CFB8-4484-980F-9A6D23A6BAC0}.Release|Mixed Platforms.Build.0 = Release|Any CPU
		{21D82F42-CFB8-4484-980F-9A6D23A6BAC0}.Release|x86.ActiveCfg = Release|Any CPU
		{C7D74749-E76C-4B1A-B68E-55757CE38889}.Debug|Any CPU.ActiveCfg = Debug|Any CPU
		{C7D74749-E76C-4B1A-B68E-55757CE38889}.Debug|Any CPU.Build.0 = Debug|Any CPU
		{C7D74749-E76C-4B1A-B68E-55757CE38889}.Debug|Mixed Platforms.ActiveCfg = Debug|Any CPU
		{C7D74749-E76C-4B1A-B68E-55757CE38889}.Debug|Mixed Platforms.Build.0 = Debug|Any CPU
		{C7D74749-E76C-4B1A-B68E-55757CE38889}.Debug|x86.ActiveCfg = Debug|Any CPU
		{C7D74749-E76C-4B1A-B68E-55757CE38889}.Release|Any CPU.ActiveCfg = Release|Any CPU
		{C7D74749-E76C-4B1A-B68E-55757CE38889}.Release|Any CPU.Build.0 = Release|Any CPU
		{C7D74749-E76C-4B1A-B68E-55757CE38889}.Release|Mixed Platforms.ActiveCfg = Release|Any CPU
		{C7D74749-E76C-4B1A-B68E-55757CE38889}.Release|Mixed Platforms.Build.0 = Release|Any CPU
		{C7D74749-E76C-4B1A-B68E-55757CE38889}.Release|x86.ActiveCfg = Release|Any CPU
		{8AC53023-4D63-425A-B2F7-3728B5680BCE}.Debug|Any CPU.ActiveCfg = Debug|Any CPU
		{8AC53023-4D63-425A-B2F7-3728B5680BCE}.Debug|Any CPU.Build.0 = Debug|Any CPU
		{8AC53023-4D63-425A-B2F7-3728B5680BCE}.Debug|Mixed Platforms.ActiveCfg = Debug|Any CPU
		{8AC53023-4D63-425A-B2F7-3728B5680BCE}.Debug|Mixed Platforms.Build.0 = Debug|Any CPU
		{8AC53023-4D63-425A-B2F7-3728B5680BCE}.Debug|x86.ActiveCfg = Debug|Any CPU
		{8AC53023-4D63-425A-B2F7-3728B5680BCE}.Release|Any CPU.ActiveCfg = Release|Any CPU
		{8AC53023-4D63-425A-B2F7-3728B5680BCE}.Release|Any CPU.Build.0 = Release|Any CPU
		{8AC53023-4D63-425A-B2F7-3728B5680BCE}.Release|Mixed Platforms.ActiveCfg = Release|Any CPU
		{8AC53023-4D63-425A-B2F7-3728B5680BCE}.Release|Mixed Platforms.Build.0 = Release|Any CPU
		{8AC53023-4D63-425A-B2F7-3728B5680BCE}.Release|x86.ActiveCfg = Release|Any CPU
	EndGlobalSection
	GlobalSection(SolutionProperties) = preSolution
		HideSolutionNode = FALSE
	EndGlobalSection
EndGlobal
