
Microsoft Visual Studio Solution File, Format Version 12.00
# Visual Studio 14
VisualStudioVersion = 14.0.25420.1
MinimumVisualStudioVersion = 10.0.40219.1
Project("{FAE04EC0-301F-11D3-BF4B-00C04F79EFBC}") = "Game", "GameProject\Game.csproj", "{CE5CD75D-8626-4CD8-83FC-B7A4868DAEC0}"
EndProject
Project("{2150E333-8FDC-42A3-9474-1A3956D46DE8}") = "Solution Items", "Solution Items", "{ACBF192E-C0F1-4B53-958F-915EDD01BA71}"
EndProject
Project("{FAE04EC0-301F-11D3-BF4B-00C04F79EFBC}") = "GameUnitTest", "UnitTest\GameUnitTest.csproj", "{0F3E7119-4982-4AB9-A2A1-E025F68488EB}"
EndProject
Project("{FAE04EC0-301F-11D3-BF4B-00C04F79EFBC}") = "EditorWindow", "Editor\EditorWindow.csproj", "{8AC53023-4D63-425A-B2F7-3728B5680BCE}"
EndProject
Project("{FAE04EC0-301F-11D3-BF4B-00C04F79EFBC}") = "Farseer Physics", "FarseerPhysics\Farseer Physics.csproj", "{A4610E4C-DD34-428B-BABB-779CA0B5993A}"
EndProject
Project("{FAE04EC0-301F-11D3-BF4B-00C04F79EFBC}") = "EditorLogic", "EditorLogic\EditorLogic.csproj", "{AB892CE8-6523-4EB1-B159-B8A8F9A0D3D8}"
EndProject
Project("{FAE04EC0-301F-11D3-BF4B-00C04F79EFBC}") = "TankGame", "TankGame\TankGame.csproj", "{AA060735-819A-4094-AB53-ABDA3673E052}"
EndProject
Project("{FAE04EC0-301F-11D3-BF4B-00C04F79EFBC}") = "TankGameTestFramework", "TankGameTestFramework\TankGameTestFramework.csproj", "{462AC7BF-9A9C-4CC3-9704-5A03D952C07D}"
EndProject
Global
	GlobalSection(SolutionConfigurationPlatforms) = preSolution
		Debug|Any CPU = Debug|Any CPU
		Debug|MonoBuild = Debug|MonoBuild
		MonoDebug|Any CPU = MonoDebug|Any CPU
		MonoDebug|MonoBuild = MonoDebug|MonoBuild
		Release|Any CPU = Release|Any CPU
		Release|MonoBuild = Release|MonoBuild
	EndGlobalSection
	GlobalSection(ProjectConfigurationPlatforms) = postSolution
		{CE5CD75D-8626-4CD8-83FC-B7A4868DAEC0}.Debug|Any CPU.ActiveCfg = Debug|Any CPU
		{CE5CD75D-8626-4CD8-83FC-B7A4868DAEC0}.Debug|Any CPU.Build.0 = Debug|Any CPU
		{CE5CD75D-8626-4CD8-83FC-B7A4868DAEC0}.Debug|MonoBuild.ActiveCfg = Debug|Any CPU
		{CE5CD75D-8626-4CD8-83FC-B7A4868DAEC0}.Debug|MonoBuild.Build.0 = Debug|Any CPU
		{CE5CD75D-8626-4CD8-83FC-B7A4868DAEC0}.MonoDebug|Any CPU.ActiveCfg = MonoDebug|x86
		{CE5CD75D-8626-4CD8-83FC-B7A4868DAEC0}.MonoDebug|Any CPU.Build.0 = MonoDebug|Any CPU
		{CE5CD75D-8626-4CD8-83FC-B7A4868DAEC0}.MonoDebug|MonoBuild.ActiveCfg = MonoDebug|Any CPU
		{CE5CD75D-8626-4CD8-83FC-B7A4868DAEC0}.MonoDebug|MonoBuild.Build.0 = MonoDebug|Any CPU
		{CE5CD75D-8626-4CD8-83FC-B7A4868DAEC0}.Release|Any CPU.ActiveCfg = Release|Any CPU
		{CE5CD75D-8626-4CD8-83FC-B7A4868DAEC0}.Release|Any CPU.Build.0 = Release|Any CPU
		{CE5CD75D-8626-4CD8-83FC-B7A4868DAEC0}.Release|MonoBuild.ActiveCfg = Release|Any CPU
		{CE5CD75D-8626-4CD8-83FC-B7A4868DAEC0}.Release|MonoBuild.Build.0 = Release|Any CPU
		{0F3E7119-4982-4AB9-A2A1-E025F68488EB}.Debug|Any CPU.ActiveCfg = Debug|Any CPU
		{0F3E7119-4982-4AB9-A2A1-E025F68488EB}.Debug|Any CPU.Build.0 = Debug|Any CPU
		{0F3E7119-4982-4AB9-A2A1-E025F68488EB}.Debug|MonoBuild.ActiveCfg = Debug|Any CPU
		{0F3E7119-4982-4AB9-A2A1-E025F68488EB}.MonoDebug|Any CPU.ActiveCfg = MonoDebug|Any CPU
		{0F3E7119-4982-4AB9-A2A1-E025F68488EB}.MonoDebug|MonoBuild.ActiveCfg = MonoDebug|Any CPU
		{0F3E7119-4982-4AB9-A2A1-E025F68488EB}.Release|Any CPU.ActiveCfg = Release|Any CPU
		{0F3E7119-4982-4AB9-A2A1-E025F68488EB}.Release|Any CPU.Build.0 = Release|Any CPU
		{0F3E7119-4982-4AB9-A2A1-E025F68488EB}.Release|MonoBuild.ActiveCfg = Release|Any CPU
		{0F3E7119-4982-4AB9-A2A1-E025F68488EB}.Release|MonoBuild.Build.0 = Release|Any CPU
		{8AC53023-4D63-425A-B2F7-3728B5680BCE}.Debug|Any CPU.ActiveCfg = Debug|Any CPU
		{8AC53023-4D63-425A-B2F7-3728B5680BCE}.Debug|Any CPU.Build.0 = Debug|Any CPU
		{8AC53023-4D63-425A-B2F7-3728B5680BCE}.Debug|MonoBuild.ActiveCfg = Debug|Any CPU
		{8AC53023-4D63-425A-B2F7-3728B5680BCE}.MonoDebug|Any CPU.ActiveCfg = MonoDebug|Any CPU
		{8AC53023-4D63-425A-B2F7-3728B5680BCE}.MonoDebug|MonoBuild.ActiveCfg = MonoDebug|Any CPU
		{8AC53023-4D63-425A-B2F7-3728B5680BCE}.Release|Any CPU.ActiveCfg = Release|Any CPU
		{8AC53023-4D63-425A-B2F7-3728B5680BCE}.Release|Any CPU.Build.0 = Release|Any CPU
		{8AC53023-4D63-425A-B2F7-3728B5680BCE}.Release|MonoBuild.ActiveCfg = Release|Any CPU
		{8AC53023-4D63-425A-B2F7-3728B5680BCE}.Release|MonoBuild.Build.0 = Release|Any CPU
		{A4610E4C-DD34-428B-BABB-779CA0B5993A}.Debug|Any CPU.ActiveCfg = Debug|Any CPU
		{A4610E4C-DD34-428B-BABB-779CA0B5993A}.Debug|Any CPU.Build.0 = Debug|Any CPU
		{A4610E4C-DD34-428B-BABB-779CA0B5993A}.Debug|MonoBuild.ActiveCfg = Debug|Any CPU
		{A4610E4C-DD34-428B-BABB-779CA0B5993A}.Debug|MonoBuild.Build.0 = Debug|Any CPU
		{A4610E4C-DD34-428B-BABB-779CA0B5993A}.MonoDebug|Any CPU.ActiveCfg = Debug|Any CPU
		{A4610E4C-DD34-428B-BABB-779CA0B5993A}.MonoDebug|Any CPU.Build.0 = Debug|Any CPU
		{A4610E4C-DD34-428B-BABB-779CA0B5993A}.MonoDebug|MonoBuild.ActiveCfg = Debug|Any CPU
		{A4610E4C-DD34-428B-BABB-779CA0B5993A}.MonoDebug|MonoBuild.Build.0 = Debug|Any CPU
		{A4610E4C-DD34-428B-BABB-779CA0B5993A}.Release|Any CPU.ActiveCfg = Release|Any CPU
		{A4610E4C-DD34-428B-BABB-779CA0B5993A}.Release|Any CPU.Build.0 = Release|Any CPU
		{A4610E4C-DD34-428B-BABB-779CA0B5993A}.Release|MonoBuild.ActiveCfg = Release|Any CPU
		{A4610E4C-DD34-428B-BABB-779CA0B5993A}.Release|MonoBuild.Build.0 = Release|Any CPU
		{AB892CE8-6523-4EB1-B159-B8A8F9A0D3D8}.Debug|Any CPU.ActiveCfg = Debug|Any CPU
		{AB892CE8-6523-4EB1-B159-B8A8F9A0D3D8}.Debug|Any CPU.Build.0 = Debug|Any CPU
		{AB892CE8-6523-4EB1-B159-B8A8F9A0D3D8}.Debug|MonoBuild.ActiveCfg = Debug|Any CPU
		{AB892CE8-6523-4EB1-B159-B8A8F9A0D3D8}.Debug|MonoBuild.Build.0 = Debug|Any CPU
		{AB892CE8-6523-4EB1-B159-B8A8F9A0D3D8}.MonoDebug|Any CPU.ActiveCfg = Debug|Any CPU
		{AB892CE8-6523-4EB1-B159-B8A8F9A0D3D8}.MonoDebug|Any CPU.Build.0 = Debug|Any CPU
		{AB892CE8-6523-4EB1-B159-B8A8F9A0D3D8}.MonoDebug|MonoBuild.ActiveCfg = Debug|Any CPU
		{AB892CE8-6523-4EB1-B159-B8A8F9A0D3D8}.MonoDebug|MonoBuild.Build.0 = Debug|Any CPU
		{AB892CE8-6523-4EB1-B159-B8A8F9A0D3D8}.Release|Any CPU.ActiveCfg = Release|Any CPU
		{AB892CE8-6523-4EB1-B159-B8A8F9A0D3D8}.Release|Any CPU.Build.0 = Release|Any CPU
		{AB892CE8-6523-4EB1-B159-B8A8F9A0D3D8}.Release|MonoBuild.ActiveCfg = Release|Any CPU
		{AB892CE8-6523-4EB1-B159-B8A8F9A0D3D8}.Release|MonoBuild.Build.0 = Release|Any CPU
		{AA060735-819A-4094-AB53-ABDA3673E052}.Debug|Any CPU.ActiveCfg = Debug|Any CPU
		{AA060735-819A-4094-AB53-ABDA3673E052}.Debug|Any CPU.Build.0 = Debug|Any CPU
		{AA060735-819A-4094-AB53-ABDA3673E052}.Debug|MonoBuild.ActiveCfg = Debug|Any CPU
		{AA060735-819A-4094-AB53-ABDA3673E052}.Debug|MonoBuild.Build.0 = Debug|Any CPU
		{AA060735-819A-4094-AB53-ABDA3673E052}.MonoDebug|Any CPU.ActiveCfg = Debug|Any CPU
		{AA060735-819A-4094-AB53-ABDA3673E052}.MonoDebug|Any CPU.Build.0 = Debug|Any CPU
		{AA060735-819A-4094-AB53-ABDA3673E052}.MonoDebug|MonoBuild.ActiveCfg = Debug|Any CPU
		{AA060735-819A-4094-AB53-ABDA3673E052}.MonoDebug|MonoBuild.Build.0 = Debug|Any CPU
		{AA060735-819A-4094-AB53-ABDA3673E052}.Release|Any CPU.ActiveCfg = Release|Any CPU
		{AA060735-819A-4094-AB53-ABDA3673E052}.Release|Any CPU.Build.0 = Release|Any CPU
		{AA060735-819A-4094-AB53-ABDA3673E052}.Release|MonoBuild.ActiveCfg = Release|Any CPU
		{AA060735-819A-4094-AB53-ABDA3673E052}.Release|MonoBuild.Build.0 = Release|Any CPU
		{462AC7BF-9A9C-4CC3-9704-5A03D952C07D}.Debug|Any CPU.ActiveCfg = Debug|Any CPU
		{462AC7BF-9A9C-4CC3-9704-5A03D952C07D}.Debug|Any CPU.Build.0 = Debug|Any CPU
		{462AC7BF-9A9C-4CC3-9704-5A03D952C07D}.Debug|MonoBuild.ActiveCfg = Debug|Any CPU
		{462AC7BF-9A9C-4CC3-9704-5A03D952C07D}.Debug|MonoBuild.Build.0 = Debug|Any CPU
		{462AC7BF-9A9C-4CC3-9704-5A03D952C07D}.MonoDebug|Any CPU.ActiveCfg = Debug|Any CPU
		{462AC7BF-9A9C-4CC3-9704-5A03D952C07D}.MonoDebug|Any CPU.Build.0 = Debug|Any CPU
		{462AC7BF-9A9C-4CC3-9704-5A03D952C07D}.MonoDebug|MonoBuild.ActiveCfg = Debug|Any CPU
		{462AC7BF-9A9C-4CC3-9704-5A03D952C07D}.MonoDebug|MonoBuild.Build.0 = Debug|Any CPU
		{462AC7BF-9A9C-4CC3-9704-5A03D952C07D}.Release|Any CPU.ActiveCfg = Release|Any CPU
		{462AC7BF-9A9C-4CC3-9704-5A03D952C07D}.Release|Any CPU.Build.0 = Release|Any CPU
		{462AC7BF-9A9C-4CC3-9704-5A03D952C07D}.Release|MonoBuild.ActiveCfg = Release|Any CPU
		{462AC7BF-9A9C-4CC3-9704-5A03D952C07D}.Release|MonoBuild.Build.0 = Release|Any CPU
	EndGlobalSection
	GlobalSection(SolutionProperties) = preSolution
		HideSolutionNode = FALSE
	EndGlobalSection
EndGlobal
